
Microsoft Visual Studio Solution File, Format Version 12.00
# Visual Studio Version 16
VisualStudioVersion = 16.0.30413.136
MinimumVisualStudioVersion = 10.0.40219.1
Project("{FAE04EC0-301F-11D3-BF4B-00C04F79EFBC}") = "inimene", "inimene.csproj", "{6A630F46-E45C-4335-861C-D8FFC4D08278}"
EndProject
Global
	GlobalSection(SolutionConfigurationPlatforms) = preSolution
		Debug|Any CPU = Debug|Any CPU
		Release|Any CPU = Release|Any CPU
	EndGlobalSection
	GlobalSection(ProjectConfigurationPlatforms) = postSolution
		{6A630F46-E45C-4335-861C-D8FFC4D08278}.Debug|Any CPU.ActiveCfg = Debug|Any CPU
		{6A630F46-E45C-4335-861C-D8FFC4D08278}.Debug|Any CPU.Build.0 = Debug|Any CPU
		{6A630F46-E45C-4335-861C-D8FFC4D08278}.Release|Any CPU.ActiveCfg = Release|Any CPU
		{6A630F46-E45C-4335-861C-D8FFC4D08278}.Release|Any CPU.Build.0 = Release|Any CPU
	EndGlobalSection
	GlobalSection(SolutionProperties) = preSolution
		HideSolutionNode = FALSE
	EndGlobalSection
	GlobalSection(ExtensibilityGlobals) = postSolution
		SolutionGuid = {7841B70D-664C-4AAD-9615-589F4356270C}
	EndGlobalSection
EndGlobal
